
Microsoft Visual Studio Solution File, Format Version 12.00
# Visual Studio Version 17
VisualStudioVersion = 17.5.33516.290
MinimumVisualStudioVersion = 10.0.40219.1
Project("{FAE04EC0-301F-11D3-BF4B-00C04F79EFBC}") = "LevvaApi", "LevvaApi\LevvaApi.csproj", "{0D6FA7B5-25CE-422E-A1C1-D52BB7881E46}"
EndProject
Global
	GlobalSection(SolutionConfigurationPlatforms) = preSolution
		Debug|Any CPU = Debug|Any CPU
		Release|Any CPU = Release|Any CPU
	EndGlobalSection
	GlobalSection(ProjectConfigurationPlatforms) = postSolution
		{0D6FA7B5-25CE-422E-A1C1-D52BB7881E46}.Debug|Any CPU.ActiveCfg = Debug|Any CPU
		{0D6FA7B5-25CE-422E-A1C1-D52BB7881E46}.Debug|Any CPU.Build.0 = Debug|Any CPU
		{0D6FA7B5-25CE-422E-A1C1-D52BB7881E46}.Release|Any CPU.ActiveCfg = Release|Any CPU
		{0D6FA7B5-25CE-422E-A1C1-D52BB7881E46}.Release|Any CPU.Build.0 = Release|Any CPU
	EndGlobalSection
	GlobalSection(SolutionProperties) = preSolution
		HideSolutionNode = FALSE
	EndGlobalSection
	GlobalSection(ExtensibilityGlobals) = postSolution
		SolutionGuid = {2D35C15A-C65D-47F0-BFEA-52482E9A1826}
	EndGlobalSection
EndGlobal
